
Microsoft Visual Studio Solution File, Format Version 12.00
# Visual Studio Version 16
VisualStudioVersion = 16.0.32228.343
MinimumVisualStudioVersion = 10.0.40219.1
Project("{FAE04EC0-301F-11D3-BF4B-00C04F79EFBC}") = "SF2022User02", "SF2022User02\SF2022User02.csproj", "{45650D62-C000-4744-83BD-73F116F8D7B0}"
EndProject
Global
	GlobalSection(SolutionConfigurationPlatforms) = preSolution
		Debug|Any CPU = Debug|Any CPU
		Release|Any CPU = Release|Any CPU
	EndGlobalSection
	GlobalSection(ProjectConfigurationPlatforms) = postSolution
		{45650D62-C000-4744-83BD-73F116F8D7B0}.Debug|Any CPU.ActiveCfg = Debug|Any CPU
		{45650D62-C000-4744-83BD-73F116F8D7B0}.Debug|Any CPU.Build.0 = Debug|Any CPU
		{45650D62-C000-4744-83BD-73F116F8D7B0}.Release|Any CPU.ActiveCfg = Release|Any CPU
		{45650D62-C000-4744-83BD-73F116F8D7B0}.Release|Any CPU.Build.0 = Release|Any CPU
	EndGlobalSection
	GlobalSection(SolutionProperties) = preSolution
		HideSolutionNode = FALSE
	EndGlobalSection
	GlobalSection(ExtensibilityGlobals) = postSolution
		SolutionGuid = {8EABB3E6-FCA1-4AE3-86D1-46C45E577CD4}
	EndGlobalSection
EndGlobal
